
Microsoft Visual Studio Solution File, Format Version 12.00
# Visual Studio Version 17
VisualStudioVersion = 17.8.34511.84
MinimumVisualStudioVersion = 10.0.40219.1
Project("{9A19103F-16F7-4668-BE54-9A1E7A4F7556}") = "JCCDataFrame", "JCCDataFrame.csproj", "{EC666A31-DA65-4043-B4D1-14BAA9F4EB42}"
EndProject
Project("{FAE04EC0-301F-11D3-BF4B-00C04F79EFBC}") = "JCCConsole", "..\JCCConsole\JCCConsole.csproj", "{8FF043B0-A779-4213-A123-00F212D472BD}"
EndProject
Global
	GlobalSection(SolutionConfigurationPlatforms) = preSolution
		Debug|Any CPU = Debug|Any CPU
		Release|Any CPU = Release|Any CPU
	EndGlobalSection
	GlobalSection(ProjectConfigurationPlatforms) = postSolution
		{EC666A31-DA65-4043-B4D1-14BAA9F4EB42}.Debug|Any CPU.ActiveCfg = Debug|Any CPU
		{EC666A31-DA65-4043-B4D1-14BAA9F4EB42}.Debug|Any CPU.Build.0 = Debug|Any CPU
		{EC666A31-DA65-4043-B4D1-14BAA9F4EB42}.Release|Any CPU.ActiveCfg = Release|Any CPU
		{EC666A31-DA65-4043-B4D1-14BAA9F4EB42}.Release|Any CPU.Build.0 = Release|Any CPU
		{8FF043B0-A779-4213-A123-00F212D472BD}.Debug|Any CPU.ActiveCfg = Debug|Any CPU
		{8FF043B0-A779-4213-A123-00F212D472BD}.Debug|Any CPU.Build.0 = Debug|Any CPU
		{8FF043B0-A779-4213-A123-00F212D472BD}.Release|Any CPU.ActiveCfg = Release|Any CPU
		{8FF043B0-A779-4213-A123-00F212D472BD}.Release|Any CPU.Build.0 = Release|Any CPU
	EndGlobalSection
	GlobalSection(SolutionProperties) = preSolution
		HideSolutionNode = FALSE
	EndGlobalSection
	GlobalSection(ExtensibilityGlobals) = postSolution
		SolutionGuid = {D44A7276-978B-4D2B-963D-BEF83D65C0E0}
	EndGlobalSection
EndGlobal
